
Microsoft Visual Studio Solution File, Format Version 12.00
# Visual Studio Version 17
VisualStudioVersion = 17.6.33829.357
MinimumVisualStudioVersion = 10.0.40219.1
Project("{FAE04EC0-301F-11D3-BF4B-00C04F79EFBC}") = "HtmlParser", "HtmlParser.csproj", "{8673A28C-C55F-4514-BF72-0CB9F484139A}"
EndProject
Global
	GlobalSection(SolutionConfigurationPlatforms) = preSolution
		Debug|Any CPU = Debug|Any CPU
		Release|Any CPU = Release|Any CPU
	EndGlobalSection
	GlobalSection(ProjectConfigurationPlatforms) = postSolution
		{8673A28C-C55F-4514-BF72-0CB9F484139A}.Debug|Any CPU.ActiveCfg = Debug|Any CPU
		{8673A28C-C55F-4514-BF72-0CB9F484139A}.Debug|Any CPU.Build.0 = Debug|Any CPU
		{8673A28C-C55F-4514-BF72-0CB9F484139A}.Release|Any CPU.ActiveCfg = Release|Any CPU
		{8673A28C-C55F-4514-BF72-0CB9F484139A}.Release|Any CPU.Build.0 = Release|Any CPU
	EndGlobalSection
	GlobalSection(SolutionProperties) = preSolution
		HideSolutionNode = FALSE
	EndGlobalSection
	GlobalSection(ExtensibilityGlobals) = postSolution
		SolutionGuid = {1DE6A88B-412F-4316-9AF7-205659B1EFBE}
	EndGlobalSection
EndGlobal
